
Microsoft Visual Studio Solution File, Format Version 12.00
# Visual Studio Version 16
VisualStudioVersion = 16.0.29324.140
MinimumVisualStudioVersion = 10.0.40219.1
Project("{FAE04EC0-301F-11D3-BF4B-00C04F79EFBC}") = "DBCHM", "DBChm\DBCHM.csproj", "{55B00DB1-BA55-47B7-BD44-35C0FCD05FD5}"
EndProject
Project("{FAE04EC0-301F-11D3-BF4B-00C04F79EFBC}") = "MJTop.Data", "MJTop.Data\MJTop.Data.csproj", "{3D36CDC9-E989-465B-A9F1-AD85DC42F242}"
EndProject
Project("{FAE04EC0-301F-11D3-BF4B-00C04F79EFBC}") = "DocTools", "DocTools\DocTools.csproj", "{130A8861-0C39-4933-9DE8-AA9525488211}"
EndProject
Global
	GlobalSection(SolutionConfigurationPlatforms) = preSolution
		Debug|Any CPU = Debug|Any CPU
		Release|Any CPU = Release|Any CPU
	EndGlobalSection
	GlobalSection(ProjectConfigurationPlatforms) = postSolution
		{55B00DB1-BA55-47B7-BD44-35C0FCD05FD5}.Debug|Any CPU.ActiveCfg = Debug|Any CPU
		{55B00DB1-BA55-47B7-BD44-35C0FCD05FD5}.Debug|Any CPU.Build.0 = Debug|Any CPU
		{55B00DB1-BA55-47B7-BD44-35C0FCD05FD5}.Release|Any CPU.ActiveCfg = Release|Any CPU
		{55B00DB1-BA55-47B7-BD44-35C0FCD05FD5}.Release|Any CPU.Build.0 = Release|Any CPU
		{3D36CDC9-E989-465B-A9F1-AD85DC42F242}.Debug|Any CPU.ActiveCfg = Debug|Any CPU
		{3D36CDC9-E989-465B-A9F1-AD85DC42F242}.Debug|Any CPU.Build.0 = Debug|Any CPU
		{3D36CDC9-E989-465B-A9F1-AD85DC42F242}.Release|Any CPU.ActiveCfg = Release|Any CPU
		{3D36CDC9-E989-465B-A9F1-AD85DC42F242}.Release|Any CPU.Build.0 = Release|Any CPU
		{130A8861-0C39-4933-9DE8-AA9525488211}.Debug|Any CPU.ActiveCfg = Debug|Any CPU
		{130A8861-0C39-4933-9DE8-AA9525488211}.Debug|Any CPU.Build.0 = Debug|Any CPU
		{130A8861-0C39-4933-9DE8-AA9525488211}.Release|Any CPU.ActiveCfg = Release|Any CPU
		{130A8861-0C39-4933-9DE8-AA9525488211}.Release|Any CPU.Build.0 = Release|Any CPU
		{130A8861-0C39-4933-9DE8-AA9525488211}.Release64|Any CPU.ActiveCfg = Release64|Any CPU
		{130A8861-0C39-4933-9DE8-AA9525488211}.Release64|Any CPU.Build.0 = Release64|Any CPU
		{130A8861-0C39-4933-9DE8-AA9525488211}.Release64|x64.ActiveCfg = Release64|Any CPU
		{130A8861-0C39-4933-9DE8-AA9525488211}.Release64|x64.Build.0 = Release64|Any CPU
	EndGlobalSection
	GlobalSection(SolutionProperties) = preSolution
		HideSolutionNode = FALSE
	EndGlobalSection
	GlobalSection(ExtensibilityGlobals) = postSolution
		SolutionGuid = {6EF98F13-0310-44EE-AF0C-6A033D4E8EB1}
	EndGlobalSection
EndGlobal
